// !$*UTF8*$!
{
	archiveVersion = 1;
	classes = {
	};
	objectVersion = 56;
	objects = {

/* Begin PBXBuildFile section */
		1E18F97C29A3AACF0006BEA9 /* FruitModel.swift in Sources */ = {isa = PBXBuildFile; fileRef = 1E18F97B29A3AACF0006BEA9 /* FruitModel.swift */; };
		1E96A54E29C86EDE0026AAE3 /* FruitData.swift in Sources */ = {isa = PBXBuildFile; fileRef = 1E96A54D29C86EDD0026AAE3 /* FruitData.swift */; };
		1E96A55329CC5DA00026AAE3 /* FruitRowView.swift in Sources */ = {isa = PBXBuildFile; fileRef = 1E96A55229CC5DA00026AAE3 /* FruitRowView.swift */; };
		1E96A55529CC6F890026AAE3 /* FruitDetailView.swift in Sources */ = {isa = PBXBuildFile; fileRef = 1E96A55429CC6F890026AAE3 /* FruitDetailView.swift */; };
		1E96A55729CC76460026AAE3 /* FruitHeaderView.swift in Sources */ = {isa = PBXBuildFile; fileRef = 1E96A55629CC76460026AAE3 /* FruitHeaderView.swift */; };
		1E96A55929CC79370026AAE3 /* SourceLinkView.swift in Sources */ = {isa = PBXBuildFile; fileRef = 1E96A55829CC79370026AAE3 /* SourceLinkView.swift */; };
		1EE9211E29950C9F00334327 /* FructusApp.swift in Sources */ = {isa = PBXBuildFile; fileRef = 1EE9211D29950C9F00334327 /* FructusApp.swift */; };
		1EE9212029950C9F00334327 /* ContentView.swift in Sources */ = {isa = PBXBuildFile; fileRef = 1EE9211F29950C9F00334327 /* ContentView.swift */; };
		1EE9212229950CA100334327 /* Assets.xcassets in Resources */ = {isa = PBXBuildFile; fileRef = 1EE9212129950CA100334327 /* Assets.xcassets */; };
		1EE9212529950CA100334327 /* Preview Assets.xcassets in Resources */ = {isa = PBXBuildFile; fileRef = 1EE9212429950CA100334327 /* Preview Assets.xcassets */; };
		1EE9212E2995116900334327 /* FruitCardView.swift in Sources */ = {isa = PBXBuildFile; fileRef = 1EE9212D2995116900334327 /* FruitCardView.swift */; };
		1EE92130299CF97C00334327 /* StartButtonView.swift in Sources */ = {isa = PBXBuildFile; fileRef = 1EE9212F299CF97C00334327 /* StartButtonView.swift */; };
		1EE92132299D012300334327 /* OnboardingView.swift in Sources */ = {isa = PBXBuildFile; fileRef = 1EE92131299D012300334327 /* OnboardingView.swift */; };
		1EEB282829CD962D0026D06A /* FruitNutriansView.swift in Sources */ = {isa = PBXBuildFile; fileRef = 1EEB282729CD962D0026D06A /* FruitNutriansView.swift */; };
		1EEB282A29CDA8E80026D06A /* SettingsView.swift in Sources */ = {isa = PBXBuildFile; fileRef = 1EEB282929CDA8E80026D06A /* SettingsView.swift */; };
		1EEB282C29CDAF5C0026D06A /* SettingsLabelView.swift in Sources */ = {isa = PBXBuildFile; fileRef = 1EEB282B29CDAF5C0026D06A /* SettingsLabelView.swift */; };
		1EEB282E29CDCA3A0026D06A /* SettingsRowView.swift in Sources */ = {isa = PBXBuildFile; fileRef = 1EEB282D29CDCA3A0026D06A /* SettingsRowView.swift */; };
		1EEB283029CDD5610026D06A /* LinkDestanation.swift in Sources */ = {isa = PBXBuildFile; fileRef = 1EEB282F29CDD5610026D06A /* LinkDestanation.swift */; };
/* End PBXBuildFile section */

/* Begin PBXFileReference section */
		1E18F97B29A3AACF0006BEA9 /* FruitModel.swift */ = {isa = PBXFileReference; lastKnownFileType = sourcecode.swift; path = FruitModel.swift; sourceTree = "<group>"; };
		1E96A54D29C86EDD0026AAE3 /* FruitData.swift */ = {isa = PBXFileReference; lastKnownFileType = sourcecode.swift; path = FruitData.swift; sourceTree = "<group>"; };
		1E96A55229CC5DA00026AAE3 /* FruitRowView.swift */ = {isa = PBXFileReference; lastKnownFileType = sourcecode.swift; path = FruitRowView.swift; sourceTree = "<group>"; };
		1E96A55429CC6F890026AAE3 /* FruitDetailView.swift */ = {isa = PBXFileReference; lastKnownFileType = sourcecode.swift; path = FruitDetailView.swift; sourceTree = "<group>"; };
		1E96A55629CC76460026AAE3 /* FruitHeaderView.swift */ = {isa = PBXFileReference; lastKnownFileType = sourcecode.swift; path = FruitHeaderView.swift; sourceTree = "<group>"; };
		1E96A55829CC79370026AAE3 /* SourceLinkView.swift */ = {isa = PBXFileReference; lastKnownFileType = sourcecode.swift; path = SourceLinkView.swift; sourceTree = "<group>"; };
		1EE9211A29950C9F00334327 /* Fructus.app */ = {isa = PBXFileReference; explicitFileType = wrapper.application; includeInIndex = 0; path = Fructus.app; sourceTree = BUILT_PRODUCTS_DIR; };
		1EE9211D29950C9F00334327 /* FructusApp.swift */ = {isa = PBXFileReference; lastKnownFileType = sourcecode.swift; path = FructusApp.swift; sourceTree = "<group>"; };
		1EE9211F29950C9F00334327 /* ContentView.swift */ = {isa = PBXFileReference; lastKnownFileType = sourcecode.swift; path = ContentView.swift; sourceTree = "<group>"; };
		1EE9212129950CA100334327 /* Assets.xcassets */ = {isa = PBXFileReference; lastKnownFileType = folder.assetcatalog; path = Assets.xcassets; sourceTree = "<group>"; };
		1EE9212429950CA100334327 /* Preview Assets.xcassets */ = {isa = PBXFileReference; lastKnownFileType = folder.assetcatalog; path = "Preview Assets.xcassets"; sourceTree = "<group>"; };
		1EE9212D2995116900334327 /* FruitCardView.swift */ = {isa = PBXFileReference; lastKnownFileType = sourcecode.swift; path = FruitCardView.swift; sourceTree = "<group>"; };
		1EE9212F299CF97C00334327 /* StartButtonView.swift */ = {isa = PBXFileReference; lastKnownFileType = sourcecode.swift; path = StartButtonView.swift; sourceTree = "<group>"; };
		1EE92131299D012300334327 /* OnboardingView.swift */ = {isa = PBXFileReference; lastKnownFileType = sourcecode.swift; path = OnboardingView.swift; sourceTree = "<group>"; };
		1EEB282729CD962D0026D06A /* FruitNutriansView.swift */ = {isa = PBXFileReference; lastKnownFileType = sourcecode.swift; path = FruitNutriansView.swift; sourceTree = "<group>"; };
		1EEB282929CDA8E80026D06A /* SettingsView.swift */ = {isa = PBXFileReference; lastKnownFileType = sourcecode.swift; path = SettingsView.swift; sourceTree = "<group>"; };
		1EEB282B29CDAF5C0026D06A /* SettingsLabelView.swift */ = {isa = PBXFileReference; lastKnownFileType = sourcecode.swift; path = SettingsLabelView.swift; sourceTree = "<group>"; };
		1EEB282D29CDCA3A0026D06A /* SettingsRowView.swift */ = {isa = PBXFileReference; lastKnownFileType = sourcecode.swift; path = SettingsRowView.swift; sourceTree = "<group>"; };
		1EEB282F29CDD5610026D06A /* LinkDestanation.swift */ = {isa = PBXFileReference; lastKnownFileType = sourcecode.swift; path = LinkDestanation.swift; sourceTree = "<group>"; };
/* End PBXFileReference section */

/* Begin PBXFrameworksBuildPhase section */
		1EE9211729950C9E00334327 /* Frameworks */ = {
			isa = PBXFrameworksBuildPhase;
			buildActionMask = 2147483647;
			files = (
			);
			runOnlyForDeploymentPostprocessing = 0;
		};
/* End PBXFrameworksBuildPhase section */

/* Begin PBXGroup section */
		1E18F97A29A3AAAE0006BEA9 /* Model */ = {
			isa = PBXGroup;
			children = (
				1E18F97B29A3AACF0006BEA9 /* FruitModel.swift */,
			);
			path = Model;
			sourceTree = "<group>";
		};
		1E96A54C29C86ECA0026AAE3 /* Data */ = {
			isa = PBXGroup;
			children = (
				1E96A54D29C86EDD0026AAE3 /* FruitData.swift */,
			);
			path = Data;
			sourceTree = "<group>";
		};
		1EE9211129950C9E00334327 = {
			isa = PBXGroup;
			children = (
				1EE9211C29950C9F00334327 /* Fructus */,
				1EE9211B29950C9F00334327 /* Products */,
			);
			sourceTree = "<group>";
		};
		1EE9211B29950C9F00334327 /* Products */ = {
			isa = PBXGroup;
			children = (
				1EE9211A29950C9F00334327 /* Fructus.app */,
			);
			name = Products;
			sourceTree = "<group>";
		};
		1EE9211C29950C9F00334327 /* Fructus */ = {
			isa = PBXGroup;
			children = (
				1E96A54C29C86ECA0026AAE3 /* Data */,
				1E18F97A29A3AAAE0006BEA9 /* Model */,
				1EE9212C2995111300334327 /* Views */,
				1EE9212B299510DA00334327 /* AppScreens */,
				1EE9212129950CA100334327 /* Assets.xcassets */,
				1EE9212329950CA100334327 /* Preview Content */,
			);
			path = Fructus;
			sourceTree = "<group>";
		};
		1EE9212329950CA100334327 /* Preview Content */ = {
			isa = PBXGroup;
			children = (
				1EE9212429950CA100334327 /* Preview Assets.xcassets */,
			);
			path = "Preview Content";
			sourceTree = "<group>";
		};
		1EE9212B299510DA00334327 /* AppScreens */ = {
			isa = PBXGroup;
			children = (
				1EE9211D29950C9F00334327 /* FructusApp.swift */,
				1EE9211F29950C9F00334327 /* ContentView.swift */,
				1EE92131299D012300334327 /* OnboardingView.swift */,
				1E96A55429CC6F890026AAE3 /* FruitDetailView.swift */,
				1EEB282929CDA8E80026D06A /* SettingsView.swift */,
			);
			path = AppScreens;
			sourceTree = "<group>";
		};
		1EE9212C2995111300334327 /* Views */ = {
			isa = PBXGroup;
			children = (
				1EE9212D2995116900334327 /* FruitCardView.swift */,
				1EE9212F299CF97C00334327 /* StartButtonView.swift */,
				1E96A55229CC5DA00026AAE3 /* FruitRowView.swift */,
				1E96A55629CC76460026AAE3 /* FruitHeaderView.swift */,
				1E96A55829CC79370026AAE3 /* SourceLinkView.swift */,
				1EEB282729CD962D0026D06A /* FruitNutriansView.swift */,
				1EEB282B29CDAF5C0026D06A /* SettingsLabelView.swift */,
				1EEB282D29CDCA3A0026D06A /* SettingsRowView.swift */,
				1EEB282F29CDD5610026D06A /* LinkDestanation.swift */,
			);
			path = Views;
			sourceTree = "<group>";
		};
/* End PBXGroup section */

/* Begin PBXNativeTarget section */
		1EE9211929950C9E00334327 /* Fructus */ = {
			isa = PBXNativeTarget;
			buildConfigurationList = 1EE9212829950CA100334327 /* Build configuration list for PBXNativeTarget "Fructus" */;
			buildPhases = (
				1EE9211629950C9E00334327 /* Sources */,
				1EE9211729950C9E00334327 /* Frameworks */,
				1EE9211829950C9E00334327 /* Resources */,
			);
			buildRules = (
			);
			dependencies = (
			);
			name = Fructus;
			productName = Fructus;
			productReference = 1EE9211A29950C9F00334327 /* Fructus.app */;
			productType = "com.apple.product-type.application";
		};
/* End PBXNativeTarget section */

/* Begin PBXProject section */
		1EE9211229950C9E00334327 /* Project object */ = {
			isa = PBXProject;
			attributes = {
				BuildIndependentTargetsInParallel = 1;
				LastSwiftUpdateCheck = 1420;
				LastUpgradeCheck = 1420;
				TargetAttributes = {
					1EE9211929950C9E00334327 = {
						CreatedOnToolsVersion = 14.2;
					};
				};
			};
			buildConfigurationList = 1EE9211529950C9E00334327 /* Build configuration list for PBXProject "Fructus" */;
			compatibilityVersion = "Xcode 14.0";
			developmentRegion = en;
			hasScannedForEncodings = 0;
			knownRegions = (
				en,
				Base,
			);
			mainGroup = 1EE9211129950C9E00334327;
			productRefGroup = 1EE9211B29950C9F00334327 /* Products */;
			projectDirPath = "";
			projectRoot = "";
			targets = (
				1EE9211929950C9E00334327 /* Fructus */,
			);
		};
/* End PBXProject section */

/* Begin PBXResourcesBuildPhase section */
		1EE9211829950C9E00334327 /* Resources */ = {
			isa = PBXResourcesBuildPhase;
			buildActionMask = 2147483647;
			files = (
				1EE9212529950CA100334327 /* Preview Assets.xcassets in Resources */,
				1EE9212229950CA100334327 /* Assets.xcassets in Resources */,
			);
			runOnlyForDeploymentPostprocessing = 0;
		};
/* End PBXResourcesBuildPhase section */

/* Begin PBXSourcesBuildPhase section */
		1EE9211629950C9E00334327 /* Sources */ = {
			isa = PBXSourcesBuildPhase;
			buildActionMask = 2147483647;
			files = (
				1E96A54E29C86EDE0026AAE3 /* FruitData.swift in Sources */,
				1E96A55929CC79370026AAE3 /* SourceLinkView.swift in Sources */,
				1EE9212E2995116900334327 /* FruitCardView.swift in Sources */,
				1E96A55329CC5DA00026AAE3 /* FruitRowView.swift in Sources */,
				1EE92130299CF97C00334327 /* StartButtonView.swift in Sources */,
				1E96A55529CC6F890026AAE3 /* FruitDetailView.swift in Sources */,
				1EE9212029950C9F00334327 /* ContentView.swift in Sources */,
				1E96A55729CC76460026AAE3 /* FruitHeaderView.swift in Sources */,
				1EEB283029CDD5610026D06A /* LinkDestanation.swift in Sources */,
				1EE92132299D012300334327 /* OnboardingView.swift in Sources */,
				1E18F97C29A3AACF0006BEA9 /* FruitModel.swift in Sources */,
				1EEB282C29CDAF5C0026D06A /* SettingsLabelView.swift in Sources */,
				1EEB282E29CDCA3A0026D06A /* SettingsRowView.swift in Sources */,
				1EE9211E29950C9F00334327 /* FructusApp.swift in Sources */,
				1EEB282829CD962D0026D06A /* FruitNutriansView.swift in Sources */,
				1EEB282A29CDA8E80026D06A /* SettingsView.swift in Sources */,
			);
			runOnlyForDeploymentPostprocessing = 0;
		};
/* End PBXSourcesBuildPhase section */

/* Begin XCBuildConfiguration section */
		1EE9212629950CA100334327 /* Debug */ = {
			isa = XCBuildConfiguration;
			buildSettings = {
				ALWAYS_SEARCH_USER_PATHS = NO;
				CLANG_ANALYZER_NONNULL = YES;
				CLANG_ANALYZER_NUMBER_OBJECT_CONVERSION = YES_AGGRESSIVE;
				CLANG_CXX_LANGUAGE_STANDARD = "gnu++20";
				CLANG_ENABLE_MODULES = YES;
				CLANG_ENABLE_OBJC_ARC = YES;
				CLANG_ENABLE_OBJC_WEAK = YES;
				CLANG_WARN_BLOCK_CAPTURE_AUTORELEASING = YES;
				CLANG_WARN_BOOL_CONVERSION = YES;
				CLANG_WARN_COMMA = YES;
				CLANG_WARN_CONSTANT_CONVERSION = YES;
				CLANG_WARN_DEPRECATED_OBJC_IMPLEMENTATIONS = YES;
				CLANG_WARN_DIRECT_OBJC_ISA_USAGE = YES_ERROR;
				CLANG_WARN_DOCUMENTATION_COMMENTS = YES;
				CLANG_WARN_EMPTY_BODY = YES;
				CLANG_WARN_ENUM_CONVERSION = YES;
				CLANG_WARN_INFINITE_RECURSION = YES;
				CLANG_WARN_INT_CONVERSION = YES;
				CLANG_WARN_NON_LITERAL_NULL_CONVERSION = YES;
				CLANG_WARN_OBJC_IMPLICIT_RETAIN_SELF = YES;
				CLANG_WARN_OBJC_LITERAL_CONVERSION = YES;
				CLANG_WARN_OBJC_ROOT_CLASS = YES_ERROR;
				CLANG_WARN_QUOTED_INCLUDE_IN_FRAMEWORK_HEADER = YES;
				CLANG_WARN_RANGE_LOOP_ANALYSIS = YES;
				CLANG_WARN_STRICT_PROTOTYPES = YES;
				CLANG_WARN_SUSPICIOUS_MOVE = YES;
				CLANG_WARN_UNGUARDED_AVAILABILITY = YES_AGGRESSIVE;
				CLANG_WARN_UNREACHABLE_CODE = YES;
				CLANG_WARN__DUPLICATE_METHOD_MATCH = YES;
				COPY_PHASE_STRIP = NO;
				DEBUG_INFORMATION_FORMAT = dwarf;
				ENABLE_STRICT_OBJC_MSGSEND = YES;
				ENABLE_TESTABILITY = YES;
				GCC_C_LANGUAGE_STANDARD = gnu11;
				GCC_DYNAMIC_NO_PIC = NO;
				GCC_NO_COMMON_BLOCKS = YES;
				GCC_OPTIMIZATION_LEVEL = 0;
				GCC_PREPROCESSOR_DEFINITIONS = (
					"DEBUG=1",
					"$(inherited)",
				);
				GCC_WARN_64_TO_32_BIT_CONVERSION = YES;
				GCC_WARN_ABOUT_RETURN_TYPE = YES_ERROR;
				GCC_WARN_UNDECLARED_SELECTOR = YES;
				GCC_WARN_UNINITIALIZED_AUTOS = YES_AGGRESSIVE;
				GCC_WARN_UNUSED_FUNCTION = YES;
				GCC_WARN_UNUSED_VARIABLE = YES;
				IPHONEOS_DEPLOYMENT_TARGET = 16.2;
				MTL_ENABLE_DEBUG_INFO = INCLUDE_SOURCE;
				MTL_FAST_MATH = YES;
				ONLY_ACTIVE_ARCH = YES;
				SDKROOT = iphoneos;
				SWIFT_ACTIVE_COMPILATION_CONDITIONS = DEBUG;
				SWIFT_OPTIMIZATION_LEVEL = "-Onone";
			};
			name = Debug;
		};
		1EE9212729950CA100334327 /* Release */ = {
			isa = XCBuildConfiguration;
			buildSettings = {
				ALWAYS_SEARCH_USER_PATHS = NO;
				CLANG_ANALYZER_NONNULL = YES;
				CLANG_ANALYZER_NUMBER_OBJECT_CONVERSION = YES_AGGRESSIVE;
				CLANG_CXX_LANGUAGE_STANDARD = "gnu++20";
				CLANG_ENABLE_MODULES = YES;
				CLANG_ENABLE_OBJC_ARC = YES;
				CLANG_ENABLE_OBJC_WEAK = YES;
				CLANG_WARN_BLOCK_CAPTURE_AUTORELEASING = YES;
				CLANG_WARN_BOOL_CONVERSION = YES;
				CLANG_WARN_COMMA = YES;
				CLANG_WARN_CONSTANT_CONVERSION = YES;
				CLANG_WARN_DEPRECATED_OBJC_IMPLEMENTATIONS = YES;
				CLANG_WARN_DIRECT_OBJC_ISA_USAGE = YES_ERROR;
				CLANG_WARN_DOCUMENTATION_COMMENTS = YES;
				CLANG_WARN_EMPTY_BODY = YES;
				CLANG_WARN_ENUM_CONVERSION = YES;
				CLANG_WARN_INFINITE_RECURSION = YES;
				CLANG_WARN_INT_CONVERSION = YES;
				CLANG_WARN_NON_LITERAL_NULL_CONVERSION = YES;
				CLANG_WARN_OBJC_IMPLICIT_RETAIN_SELF = YES;
				CLANG_WARN_OBJC_LITERAL_CONVERSION = YES;
				CLANG_WARN_OBJC_ROOT_CLASS = YES_ERROR;
				CLANG_WARN_QUOTED_INCLUDE_IN_FRAMEWORK_HEADER = YES;
				CLANG_WARN_RANGE_LOOP_ANALYSIS = YES;
				CLANG_WARN_STRICT_PROTOTYPES = YES;
				CLANG_WARN_SUSPICIOUS_MOVE = YES;
				CLANG_WARN_UNGUARDED_AVAILABILITY = YES_AGGRESSIVE;
				CLANG_WARN_UNREACHABLE_CODE = YES;
				CLANG_WARN__DUPLICATE_METHOD_MATCH = YES;
				COPY_PHASE_STRIP = NO;
				DEBUG_INFORMATION_FORMAT = "dwarf-with-dsym";
				ENABLE_NS_ASSERTIONS = NO;
				ENABLE_STRICT_OBJC_MSGSEND = YES;
				GCC_C_LANGUAGE_STANDARD = gnu11;
				GCC_NO_COMMON_BLOCKS = YES;
				GCC_WARN_64_TO_32_BIT_CONVERSION = YES;
				GCC_WARN_ABOUT_RETURN_TYPE = YES_ERROR;
				GCC_WARN_UNDECLARED_SELECTOR = YES;
				GCC_WARN_UNINITIALIZED_AUTOS = YES_AGGRESSIVE;
				GCC_WARN_UNUSED_FUNCTION = YES;
				GCC_WARN_UNUSED_VARIABLE = YES;
				IPHONEOS_DEPLOYMENT_TARGET = 16.2;
				MTL_ENABLE_DEBUG_INFO = NO;
				MTL_FAST_MATH = YES;
				SDKROOT = iphoneos;
				SWIFT_COMPILATION_MODE = wholemodule;
				SWIFT_OPTIMIZATION_LEVEL = "-O";
				VALIDATE_PRODUCT = YES;
			};
			name = Release;
		};
		1EE9212929950CA100334327 /* Debug */ = {
			isa = XCBuildConfiguration;
			buildSettings = {
				ASSETCATALOG_COMPILER_APPICON_NAME = AppIcon;
				ASSETCATALOG_COMPILER_GLOBAL_ACCENT_COLOR_NAME = AccentColor;
				CODE_SIGN_STYLE = Automatic;
				CURRENT_PROJECT_VERSION = 1;
				DEVELOPMENT_ASSET_PATHS = "\"Fructus/Preview Content\"";
				DEVELOPMENT_TEAM = YB3MVSHSDQ;
				ENABLE_PREVIEWS = YES;
				GENERATE_INFOPLIST_FILE = YES;
				INFOPLIST_KEY_UIApplicationSceneManifest_Generation = YES;
				INFOPLIST_KEY_UIApplicationSupportsIndirectInputEvents = YES;
				INFOPLIST_KEY_UILaunchScreen_Generation = YES;
				INFOPLIST_KEY_UISupportedInterfaceOrientations = UIInterfaceOrientationPortrait;
				INFOPLIST_KEY_UISupportedInterfaceOrientations_iPad = "UIInterfaceOrientationLandscapeLeft UIInterfaceOrientationLandscapeRight UIInterfaceOrientationPortrait UIInterfaceOrientationPortraitUpsideDown";
				LD_RUNPATH_SEARCH_PATHS = (
					"$(inherited)",
					"@executable_path/Frameworks",
				);
				MARKETING_VERSION = 1.0;
				PRODUCT_BUNDLE_IDENTIFIER = ADSkor.Fructus;
				PRODUCT_NAME = "$(TARGET_NAME)";
				SWIFT_EMIT_LOC_STRINGS = YES;
				SWIFT_VERSION = 5.0;
				TARGETED_DEVICE_FAMILY = "1,2";
			};
			name = Debug;
		};
		1EE9212A29950CA100334327 /* Release */ = {
			isa = XCBuildConfiguration;
			buildSettings = {
				ASSETCATALOG_COMPILER_APPICON_NAME = AppIcon;
				ASSETCATALOG_COMPILER_GLOBAL_ACCENT_COLOR_NAME = AccentColor;
				CODE_SIGN_STYLE = Automatic;
				CURRENT_PROJECT_VERSION = 1;
				DEVELOPMENT_ASSET_PATHS = "\"Fructus/Preview Content\"";
				DEVELOPMENT_TEAM = YB3MVSHSDQ;
				ENABLE_PREVIEWS = YES;
				GENERATE_INFOPLIST_FILE = YES;
				INFOPLIST_KEY_UIApplicationSceneManifest_Generation = YES;
				INFOPLIST_KEY_UIApplicationSupportsIndirectInputEvents = YES;
				INFOPLIST_KEY_UILaunchScreen_Generation = YES;
				INFOPLIST_KEY_UISupportedInterfaceOrientations = UIInterfaceOrientationPortrait;
				INFOPLIST_KEY_UISupportedInterfaceOrientations_iPad = "UIInterfaceOrientationLandscapeLeft UIInterfaceOrientationLandscapeRight UIInterfaceOrientationPortrait UIInterfaceOrientationPortraitUpsideDown";
				LD_RUNPATH_SEARCH_PATHS = (
					"$(inherited)",
					"@executable_path/Frameworks",
				);
				MARKETING_VERSION = 1.0;
				PRODUCT_BUNDLE_IDENTIFIER = ADSkor.Fructus;
				PRODUCT_NAME = "$(TARGET_NAME)";
				SWIFT_EMIT_LOC_STRINGS = YES;
				SWIFT_VERSION = 5.0;
				TARGETED_DEVICE_FAMILY = "1,2";
			};
			name = Release;
		};
/* End XCBuildConfiguration section */

/* Begin XCConfigurationList section */
		1EE9211529950C9E00334327 /* Build configuration list for PBXProject "Fructus" */ = {
			isa = XCConfigurationList;
			buildConfigurations = (
				1EE9212629950CA100334327 /* Debug */,
				1EE9212729950CA100334327 /* Release */,
			);
			defaultConfigurationIsVisible = 0;
			defaultConfigurationName = Release;
		};
		1EE9212829950CA100334327 /* Build configuration list for PBXNativeTarget "Fructus" */ = {
			isa = XCConfigurationList;
			buildConfigurations = (
				1EE9212929950CA100334327 /* Debug */,
				1EE9212A29950CA100334327 /* Release */,
			);
			defaultConfigurationIsVisible = 0;
			defaultConfigurationName = Release;
		};
/* End XCConfigurationList section */
	};
	rootObject = 1EE9211229950C9E00334327 /* Project object */;
}
